
Microsoft Visual Studio Solution File, Format Version 12.00
# Visual Studio 15
VisualStudioVersion = 15.0.27130.2024
MinimumVisualStudioVersion = 10.0.40219.1
Project("{FAE04EC0-301F-11D3-BF4B-00C04F79EFBC}") = "JsonCompositionFromIkc2009", "JsonCompositionFromIkc2009\JsonCompositionFromIkc2009.csproj", "{C63263A4-DF76-43D3-B29C-59C64A334C5A}"
EndProject
Project("{FAE04EC0-301F-11D3-BF4B-00C04F79EFBC}") = "JsonCompositionFromIkc2009.Test", "JsonCompositionFromIkc2009.Test\JsonCompositionFromIkc2009.Test.csproj", "{1568ACBE-DEBB-446E-96A4-61F815AA5495}"
EndProject
Global
	GlobalSection(SolutionConfigurationPlatforms) = preSolution
		Debug|Any CPU = Debug|Any CPU
		Release|Any CPU = Release|Any CPU
	EndGlobalSection
	GlobalSection(ProjectConfigurationPlatforms) = postSolution
		{C63263A4-DF76-43D3-B29C-59C64A334C5A}.Debug|Any CPU.ActiveCfg = Debug|Any CPU
		{C63263A4-DF76-43D3-B29C-59C64A334C5A}.Debug|Any CPU.Build.0 = Debug|Any CPU
		{C63263A4-DF76-43D3-B29C-59C64A334C5A}.Release|Any CPU.ActiveCfg = Release|Any CPU
		{C63263A4-DF76-43D3-B29C-59C64A334C5A}.Release|Any CPU.Build.0 = Release|Any CPU
		{1568ACBE-DEBB-446E-96A4-61F815AA5495}.Debug|Any CPU.ActiveCfg = Debug|Any CPU
		{1568ACBE-DEBB-446E-96A4-61F815AA5495}.Debug|Any CPU.Build.0 = Debug|Any CPU
		{1568ACBE-DEBB-446E-96A4-61F815AA5495}.Release|Any CPU.ActiveCfg = Release|Any CPU
		{1568ACBE-DEBB-446E-96A4-61F815AA5495}.Release|Any CPU.Build.0 = Release|Any CPU
	EndGlobalSection
	GlobalSection(SolutionProperties) = preSolution
		HideSolutionNode = FALSE
	EndGlobalSection
	GlobalSection(ExtensibilityGlobals) = postSolution
		SolutionGuid = {D130CEDF-16D8-484D-8D77-F5BF70C7C68C}
	EndGlobalSection
EndGlobal
